
Microsoft Visual Studio Solution File, Format Version 12.00
# Visual Studio 2012
Project("{FAE04EC0-301F-11D3-BF4B-00C04F79EFBC}") = "RFUpdater.Patcher", "RFUpdater.Patcher\RFUpdater.Patcher.csproj", "{27551191-2443-4262-BAF1-A29D411E2ED6}"
EndProject
Project("{FAE04EC0-301F-11D3-BF4B-00C04F79EFBC}") = "RFUpdater.Lister", "RFUpdater.Lister\RFUpdater.Lister.csproj", "{C3AC37CE-308B-4226-B29F-673ED0099C76}"
EndProject
Project("{FAE04EC0-301F-11D3-BF4B-00C04F79EFBC}") = "RFUpdater", "RFUpdater\RFUpdater.csproj", "{8074DB7F-97EB-406A-A96B-CE5A56548876}"
EndProject
Global
	GlobalSection(SolutionConfigurationPlatforms) = preSolution
		Debug|Any CPU = Debug|Any CPU
		Release|Any CPU = Release|Any CPU
	EndGlobalSection
	GlobalSection(ProjectConfigurationPlatforms) = postSolution
		{27551191-2443-4262-BAF1-A29D411E2ED6}.Debug|Any CPU.ActiveCfg = Debug|Any CPU
		{27551191-2443-4262-BAF1-A29D411E2ED6}.Debug|Any CPU.Build.0 = Debug|Any CPU
		{27551191-2443-4262-BAF1-A29D411E2ED6}.Release|Any CPU.ActiveCfg = Release|Any CPU
		{27551191-2443-4262-BAF1-A29D411E2ED6}.Release|Any CPU.Build.0 = Release|Any CPU
		{C3AC37CE-308B-4226-B29F-673ED0099C76}.Debug|Any CPU.ActiveCfg = Debug|Any CPU
		{C3AC37CE-308B-4226-B29F-673ED0099C76}.Debug|Any CPU.Build.0 = Debug|Any CPU
		{C3AC37CE-308B-4226-B29F-673ED0099C76}.Release|Any CPU.ActiveCfg = Release|Any CPU
		{C3AC37CE-308B-4226-B29F-673ED0099C76}.Release|Any CPU.Build.0 = Release|Any CPU
		{8074DB7F-97EB-406A-A96B-CE5A56548876}.Debug|Any CPU.ActiveCfg = Debug|Any CPU
		{8074DB7F-97EB-406A-A96B-CE5A56548876}.Debug|Any CPU.Build.0 = Debug|Any CPU
		{8074DB7F-97EB-406A-A96B-CE5A56548876}.Release|Any CPU.ActiveCfg = Release|Any CPU
		{8074DB7F-97EB-406A-A96B-CE5A56548876}.Release|Any CPU.Build.0 = Release|Any CPU
	EndGlobalSection
	GlobalSection(SolutionProperties) = preSolution
		HideSolutionNode = FALSE
	EndGlobalSection
	GlobalSection(MonoDevelopProperties) = preSolution
		Policies = $0
		$0.DotNetNamingPolicy = $1
		$1.DirectoryNamespaceAssociation = None
		$1.ResourceNamePolicy = FileFormatDefault
		$0.TextStylePolicy = $36
		$36.FileWidth = 120
		$36.TabsToSpaces = False
		$36.inheritsSet = VisualStudio
		$36.inheritsScope = text/plain
		description = This is a game module manager that handle automatic updates with remote modules.
	EndGlobalSection
EndGlobal
